<?xml version="1.0" encoding="utf-8"?>
<Project ToolsVersion="4.0" xmlns="http://schemas.microsoft.com/developer/msbuild/2003">
  <ItemGroup>
    <Filter Include="Source Files">
      <UniqueIdentifier>{4FC737F1-C7A5-4376-A066-2A32D752A2FF}</UniqueIdentifier>
      <Extensions>cpp;c;cc;cxx;c++;cppm;ixx;def;odl;idl;hpj;bat;asm;asmx</Extensions>
    </Filter>
    <Filter Include="Header Files">
      <UniqueIdentifier>{93995380-89BD-4b04-88EB-625FBE52EBFB}</UniqueIdentifier>
      <Extensions>h;hh;hpp;hxx;h++;hm;inl;inc;ipp;xsd</Extensions>
    </Filter>
    <Filter Include="Resource Files">
      <UniqueIdentifier>{67DA6AB6-F800-4c08-8B7A-83BB121AAD01}</UniqueIdentifier>
      <Extensions>rc;ico;cur;bmp;dlg;rc2;rct;bin;rgs;gif;jpg;jpeg;jpe;resx;tiff;tif;png;wav;mfcribbon-ms</Extensions>
    </Filter>
    <Filter Include="Shaders">
      <UniqueIdentifier>{1717f670-e79e-4623-ae91-c0bca52a167e}</UniqueIdentifier>
    </Filter>
  </ItemGroup>
  <ItemGroup>
    <ClCompile Include="Source\Main.cpp">
      <Filter>Source Files</Filter>
    </ClCompile>
    <ClCompile Include="Source\Util.cpp">
      <Filter>Source Files</Filter>
    </ClCompile>
    <ClCompile Include="Seats.cpp">
      <Filter>Source Files</Filter>
    </ClCompile>
    <ClCompile Include="People.cpp">
      <Filter>Source Files</Filter>
    </ClCompile>
    <ClCompile Include="Cinema.cpp">
      <Filter>Source Files</Filter>
    </ClCompile>
  </ItemGroup>
  <ItemGroup>
    <ClInclude Include="Header\stb_image.h">
      <Filter>Header Files</Filter>
    </ClInclude>
    <ClInclude Include="Header\Util.h">
      <Filter>Header Files</Filter>
    </ClInclude>
    <ClInclude Include="Seats.h">
      <Filter>Header Files</Filter>
    </ClInclude>
    <ClInclude Include="People.h">
      <Filter>Header Files</Filter>
    </ClInclude>
    <ClInclude Include="Cinema.h">
      <Filter>Header Files</Filter>
    </ClInclude>
  </ItemGroup>
  <ItemGroup>
    <None Include="packages.config" />
    <None Include="rect.vert">
      <Filter>Shaders</Filter>
    </None>
    <None Include="rect.frag">
      <Filter>Shaders</Filter>
    </None>
    <None Include="tex.vert">
      <Filter>Shaders</Filter>
    </None>
    <None Include="tex.frag">
      <Filter>Shaders</Filter>
    </None>
    <None Include=".gitignore" />
  </ItemGroup>
  <ItemGroup>
    <Image Include="..\..\..\..\..\gr\crvena.png">
      <Filter>Resource Files</Filter>
    </Image>
    <Image Include="..\..\..\..\..\gr\me.png">
      <Filter>Resource Files</Filter>
    </Image>
    <Image Include="..\..\..\..\..\gr\plava.png">
      <Filter>Resource Files</Filter>
    </Image>
    <Image Include="..\..\..\..\..\gr\zuta.png">
      <Filter>Resource Files</Filter>
    </Image>
    <Image Include="..\..\..\..\..\gr\kursor.png">
      <Filter>Resource Files</Filter>
    </Image>
    <Image Include="..\..\gr\desno.png">
      <Filter>Resource Files</Filter>
    </Image>
    <Image Include="..\..\gr\pravo.png">
      <Filter>Resource Files</Filter>
    </Image>
    <Image Include="..\..\gr\sedenje.png">
      <Filter>Resource Files</Filter>
    </Image>
    <Image Include="..\..\gr\levo.png">
      <Filter>Resource Files</Filter>
    </Image>
  </ItemGroup>
  <ItemGroup>
    <Text Include="README.md" />
  </ItemGroup>
</Project>